{
  "name": "polygontest",
  "version": "1.0.0",
  "lockfileVersion": 1,
  "requires": true,
  "dependencies": {
    "@chainlink/contracts": {
      "version": "0.3.1",
      "resolved": "https://registry.npmjs.org/@chainlink/contracts/-/contracts-0.3.1.tgz",
      "integrity": "sha512-A8DRvmfNCwLS1iduPPj7wNAZJMe9/ZimMhoHhbbBiq+7Vq/HFjiNcdoQ5NinFdXD5aTsoNUGG5pAYKj7YMpm9A=="
    }
  }
}
